{
  "name": "react-fullpage-gh-pages",
  "version": "0.1.0",
  "lockfileVersion": 1,
  "requires": true,
  "dependencies": {
    "@ap.cx/react-fullpage": {
      "version": "0.1.9-alpha",
      "resolved": "https://registry.npmjs.org/@ap.cx/react-fullpage/-/react-fullpage-0.1.9-alpha.tgz",
      "integrity": "sha512-hhwtkRMqW0eIr/lgWFmztEKxSDkc+Y6ZQObz9G/+Exw9w7uxpFto4uBIeFxqlh09W8Pr9pYK3Kx4hl8iYTTudA=="
    }
  }
}
